// !$*UTF8*$!
{
	archiveVersion = 1;
	classes = {
	};
	objectVersion = 50;
	objects = {

/* Begin PBXBuildFile section */
		8577AEA02376D61A0049C7ED /* SLib.h in Headers */ = {isa = PBXBuildFile; fileRef = 8577AE9F2376D61A0049C7ED /* SLib.h */; };
		8577AEA92376D7E70049C7ED /* sum.cpp in Sources */ = {isa = PBXBuildFile; fileRef = 8577AEA82376D7E70049C7ED /* sum.cpp */; };
		8577AF1E237999C20049C7ED /* arrA.cpp in Sources */ = {isa = PBXBuildFile; fileRef = 8577AF1D237999C20049C7ED /* arrA.cpp */; };
		8577AF2023799ADF0049C7ED /* arrB.cpp in Sources */ = {isa = PBXBuildFile; fileRef = 8577AF1F23799ADF0049C7ED /* arrB.cpp */; };
/* End PBXBuildFile section */

/* Begin PBXFileReference section */
		8577AE9C2376D61A0049C7ED /* libSLib.a */ = {isa = PBXFileReference; explicitFileType = archive.ar; includeInIndex = 0; path = libSLib.a; sourceTree = BUILT_PRODUCTS_DIR; };
		8577AE9F2376D61A0049C7ED /* SLib.h */ = {isa = PBXFileReference; lastKnownFileType = sourcecode.c.h; path = SLib.h; sourceTree = "<group>"; };
		8577AEA82376D7E70049C7ED /* sum.cpp */ = {isa = PBXFileReference; lastKnownFileType = sourcecode.cpp.cpp; path = sum.cpp; sourceTree = "<group>"; };
		8577AF1D237999C20049C7ED /* arrA.cpp */ = {isa = PBXFileReference; lastKnownFileType = sourcecode.cpp.cpp; path = arrA.cpp; sourceTree = "<group>"; };
		8577AF1F23799ADF0049C7ED /* arrB.cpp */ = {isa = PBXFileReference; lastKnownFileType = sourcecode.cpp.cpp; path = arrB.cpp; sourceTree = "<group>"; };
/* End PBXFileReference section */

/* Begin PBXFrameworksBuildPhase section */
		8577AE9A2376D61A0049C7ED /* Frameworks */ = {
			isa = PBXFrameworksBuildPhase;
			buildActionMask = 2147483647;
			files = (
			);
			runOnlyForDeploymentPostprocessing = 0;
		};
/* End PBXFrameworksBuildPhase section */

/* Begin PBXGroup section */
		8577AE932376D61A0049C7ED = {
			isa = PBXGroup;
			children = (
				8577AE9E2376D61A0049C7ED /* SLib */,
				8577AE9D2376D61A0049C7ED /* Products */,
			);
			sourceTree = "<group>";
		};
		8577AE9D2376D61A0049C7ED /* Products */ = {
			isa = PBXGroup;
			children = (
				8577AE9C2376D61A0049C7ED /* libSLib.a */,
			);
			name = Products;
			sourceTree = "<group>";
		};
		8577AE9E2376D61A0049C7ED /* SLib */ = {
			isa = PBXGroup;
			children = (
				8577AE9F2376D61A0049C7ED /* SLib.h */,
				8577AEA82376D7E70049C7ED /* sum.cpp */,
				8577AF1D237999C20049C7ED /* arrA.cpp */,
				8577AF1F23799ADF0049C7ED /* arrB.cpp */,
			);
			path = SLib;
			sourceTree = "<group>";
		};
/* End PBXGroup section */

/* Begin PBXHeadersBuildPhase section */
		8577AE982376D61A0049C7ED /* Headers */ = {
			isa = PBXHeadersBuildPhase;
			buildActionMask = 2147483647;
			files = (
				8577AEA02376D61A0049C7ED /* SLib.h in Headers */,
			);
			runOnlyForDeploymentPostprocessing = 0;
		};
/* End PBXHeadersBuildPhase section */

/* Begin PBXNativeTarget section */
		8577AE9B2376D61A0049C7ED /* SLib */ = {
			isa = PBXNativeTarget;
			buildConfigurationList = 8577AEA52376D61A0049C7ED /* Build configuration list for PBXNativeTarget "SLib" */;
			buildPhases = (
				8577AE982376D61A0049C7ED /* Headers */,
				8577AE992376D61A0049C7ED /* Sources */,
				8577AE9A2376D61A0049C7ED /* Frameworks */,
			);
			buildRules = (
			);
			dependencies = (
			);
			name = SLib;
			productName = SLib;
			productReference = 8577AE9C2376D61A0049C7ED /* libSLib.a */;
			productType = "com.apple.product-type.library.static";
		};
/* End PBXNativeTarget section */

/* Begin PBXProject section */
		8577AE942376D61A0049C7ED /* Project object */ = {
			isa = PBXProject;
			attributes = {
				LastUpgradeCheck = 1110;
				ORGANIZATIONNAME = "Stanislav Korenevsky";
				TargetAttributes = {
					8577AE9B2376D61A0049C7ED = {
						CreatedOnToolsVersion = 11.1;
					};
				};
			};
			buildConfigurationList = 8577AE972376D61A0049C7ED /* Build configuration list for PBXProject "SLib" */;
			compatibilityVersion = "Xcode 9.3";
			developmentRegion = en;
			hasScannedForEncodings = 0;
			knownRegions = (
				en,
				Base,
			);
			mainGroup = 8577AE932376D61A0049C7ED;
			productRefGroup = 8577AE9D2376D61A0049C7ED /* Products */;
			projectDirPath = "";
			projectRoot = "";
			targets = (
				8577AE9B2376D61A0049C7ED /* SLib */,
			);
		};
/* End PBXProject section */

/* Begin PBXSourcesBuildPhase section */
		8577AE992376D61A0049C7ED /* Sources */ = {
			isa = PBXSourcesBuildPhase;
			buildActionMask = 2147483647;
			files = (
				8577AEA92376D7E70049C7ED /* sum.cpp in Sources */,
				8577AF1E237999C20049C7ED /* arrA.cpp in Sources */,
				8577AF2023799ADF0049C7ED /* arrB.cpp in Sources */,
			);
			runOnlyForDeploymentPostprocessing = 0;
		};
/* End PBXSourcesBuildPhase section */

/* Begin XCBuildConfiguration section */
		8577AEA32376D61A0049C7ED /* Debug */ = {
			isa = XCBuildConfiguration;
			buildSettings = {
				ALWAYS_SEARCH_USER_PATHS = NO;
				CLANG_ANALYZER_NONNULL = YES;
				CLANG_ANALYZER_NUMBER_OBJECT_CONVERSION = YES_AGGRESSIVE;
				CLANG_CXX_LANGUAGE_STANDARD = "gnu++14";
				CLANG_CXX_LIBRARY = "libc++";
				CLANG_ENABLE_MODULES = YES;
				CLANG_ENABLE_OBJC_ARC = YES;
				CLANG_ENABLE_OBJC_WEAK = YES;
				CLANG_WARN_BLOCK_CAPTURE_AUTORELEASING = YES;
				CLANG_WARN_BOOL_CONVERSION = YES;
				CLANG_WARN_COMMA = YES;
				CLANG_WARN_CONSTANT_CONVERSION = YES;
				CLANG_WARN_DEPRECATED_OBJC_IMPLEMENTATIONS = YES;
				CLANG_WARN_DIRECT_OBJC_ISA_USAGE = YES_ERROR;
				CLANG_WARN_DOCUMENTATION_COMMENTS = YES;
				CLANG_WARN_EMPTY_BODY = YES;
				CLANG_WARN_ENUM_CONVERSION = YES;
				CLANG_WARN_INFINITE_RECURSION = YES;
				CLANG_WARN_INT_CONVERSION = YES;
				CLANG_WARN_NON_LITERAL_NULL_CONVERSION = YES;
				CLANG_WARN_OBJC_IMPLICIT_RETAIN_SELF = YES;
				CLANG_WARN_OBJC_LITERAL_CONVERSION = YES;
				CLANG_WARN_OBJC_ROOT_CLASS = YES_ERROR;
				CLANG_WARN_RANGE_LOOP_ANALYSIS = YES;
				CLANG_WARN_STRICT_PROTOTYPES = YES;
				CLANG_WARN_SUSPICIOUS_MOVE = YES;
				CLANG_WARN_UNGUARDED_AVAILABILITY = YES_AGGRESSIVE;
				CLANG_WARN_UNREACHABLE_CODE = YES;
				CLANG_WARN__DUPLICATE_METHOD_MATCH = YES;
				COPY_PHASE_STRIP = NO;
				DEBUG_INFORMATION_FORMAT = dwarf;
				ENABLE_STRICT_OBJC_MSGSEND = YES;
				ENABLE_TESTABILITY = YES;
				GCC_C_LANGUAGE_STANDARD = gnu11;
				GCC_DYNAMIC_NO_PIC = NO;
				GCC_NO_COMMON_BLOCKS = YES;
				GCC_OPTIMIZATION_LEVEL = 0;
				GCC_PREPROCESSOR_DEFINITIONS = (
					"DEBUG=1",
					"$(inherited)",
				);
				GCC_WARN_64_TO_32_BIT_CONVERSION = YES;
				GCC_WARN_ABOUT_RETURN_TYPE = YES_ERROR;
				GCC_WARN_UNDECLARED_SELECTOR = YES;
				GCC_WARN_UNINITIALIZED_AUTOS = YES_AGGRESSIVE;
				GCC_WARN_UNUSED_FUNCTION = YES;
				GCC_WARN_UNUSED_VARIABLE = YES;
				MACOSX_DEPLOYMENT_TARGET = 10.14;
				MTL_ENABLE_DEBUG_INFO = INCLUDE_SOURCE;
				MTL_FAST_MATH = YES;
				ONLY_ACTIVE_ARCH = YES;
				SDKROOT = macosx;
			};
			name = Debug;
		};
		8577AEA42376D61A0049C7ED /* Release */ = {
			isa = XCBuildConfiguration;
			buildSettings = {
				ALWAYS_SEARCH_USER_PATHS = NO;
				CLANG_ANALYZER_NONNULL = YES;
				CLANG_ANALYZER_NUMBER_OBJECT_CONVERSION = YES_AGGRESSIVE;
				CLANG_CXX_LANGUAGE_STANDARD = "gnu++14";
				CLANG_CXX_LIBRARY = "libc++";
				CLANG_ENABLE_MODULES = YES;
				CLANG_ENABLE_OBJC_ARC = YES;
				CLANG_ENABLE_OBJC_WEAK = YES;
				CLANG_WARN_BLOCK_CAPTURE_AUTORELEASING = YES;
				CLANG_WARN_BOOL_CONVERSION = YES;
				CLANG_WARN_COMMA = YES;
				CLANG_WARN_CONSTANT_CONVERSION = YES;
				CLANG_WARN_DEPRECATED_OBJC_IMPLEMENTATIONS = YES;
				CLANG_WARN_DIRECT_OBJC_ISA_USAGE = YES_ERROR;
				CLANG_WARN_DOCUMENTATION_COMMENTS = YES;
				CLANG_WARN_EMPTY_BODY = YES;
				CLANG_WARN_ENUM_CONVERSION = YES;
				CLANG_WARN_INFINITE_RECURSION = YES;
				CLANG_WARN_INT_CONVERSION = YES;
				CLANG_WARN_NON_LITERAL_NULL_CONVERSION = YES;
				CLANG_WARN_OBJC_IMPLICIT_RETAIN_SELF = YES;
				CLANG_WARN_OBJC_LITERAL_CONVERSION = YES;
				CLANG_WARN_OBJC_ROOT_CLASS = YES_ERROR;
				CLANG_WARN_RANGE_LOOP_ANALYSIS = YES;
				CLANG_WARN_STRICT_PROTOTYPES = YES;
				CLANG_WARN_SUSPICIOUS_MOVE = YES;
				CLANG_WARN_UNGUARDED_AVAILABILITY = YES_AGGRESSIVE;
				CLANG_WARN_UNREACHABLE_CODE = YES;
				CLANG_WARN__DUPLICATE_METHOD_MATCH = YES;
				COPY_PHASE_STRIP = NO;
				DEBUG_INFORMATION_FORMAT = "dwarf-with-dsym";
				ENABLE_NS_ASSERTIONS = NO;
				ENABLE_STRICT_OBJC_MSGSEND = YES;
				GCC_C_LANGUAGE_STANDARD = gnu11;
				GCC_NO_COMMON_BLOCKS = YES;
				GCC_WARN_64_TO_32_BIT_CONVERSION = YES;
				GCC_WARN_ABOUT_RETURN_TYPE = YES_ERROR;
				GCC_WARN_UNDECLARED_SELECTOR = YES;
				GCC_WARN_UNINITIALIZED_AUTOS = YES_AGGRESSIVE;
				GCC_WARN_UNUSED_FUNCTION = YES;
				GCC_WARN_UNUSED_VARIABLE = YES;
				MACOSX_DEPLOYMENT_TARGET = 10.14;
				MTL_ENABLE_DEBUG_INFO = NO;
				MTL_FAST_MATH = YES;
				SDKROOT = macosx;
			};
			name = Release;
		};
		8577AEA62376D61A0049C7ED /* Debug */ = {
			isa = XCBuildConfiguration;
			buildSettings = {
				CODE_SIGN_STYLE = Automatic;
				EXECUTABLE_PREFIX = lib;
				PRODUCT_NAME = "$(TARGET_NAME)";
				SKIP_INSTALL = YES;
			};
			name = Debug;
		};
		8577AEA72376D61A0049C7ED /* Release */ = {
			isa = XCBuildConfiguration;
			buildSettings = {
				CODE_SIGN_STYLE = Automatic;
				EXECUTABLE_PREFIX = lib;
				PRODUCT_NAME = "$(TARGET_NAME)";
				SKIP_INSTALL = YES;
			};
			name = Release;
		};
/* End XCBuildConfiguration section */

/* Begin XCConfigurationList section */
		8577AE972376D61A0049C7ED /* Build configuration list for PBXProject "SLib" */ = {
			isa = XCConfigurationList;
			buildConfigurations = (
				8577AEA32376D61A0049C7ED /* Debug */,
				8577AEA42376D61A0049C7ED /* Release */,
			);
			defaultConfigurationIsVisible = 0;
			defaultConfigurationName = Release;
		};
		8577AEA52376D61A0049C7ED /* Build configuration list for PBXNativeTarget "SLib" */ = {
			isa = XCConfigurationList;
			buildConfigurations = (
				8577AEA62376D61A0049C7ED /* Debug */,
				8577AEA72376D61A0049C7ED /* Release */,
			);
			defaultConfigurationIsVisible = 0;
			defaultConfigurationName = Release;
		};
/* End XCConfigurationList section */
	};
	rootObject = 8577AE942376D61A0049C7ED /* Project object */;
}
