
Microsoft Visual Studio Solution File, Format Version 12.00
# Visual Studio Version 16
VisualStudioVersion = 16.0.31729.503
MinimumVisualStudioVersion = 10.0.40219.1
Project("{8BC9CEB8-8B4A-11D0-8D11-00A0C91BC942}") = "Server", "Server\Server.vcxproj", "{BF820B4A-E516-4D8A-A422-27C08B5B265B}"
EndProject
Global
	GlobalSection(SolutionConfigurationPlatforms) = preSolution
		Debug|x64 = Debug|x64
		Debug|x86 = Debug|x86
		Release|x64 = Release|x64
		Release|x86 = Release|x86
	EndGlobalSection
	GlobalSection(ProjectConfigurationPlatforms) = postSolution
		{BF820B4A-E516-4D8A-A422-27C08B5B265B}.Debug|x64.ActiveCfg = Debug|x64
		{BF820B4A-E516-4D8A-A422-27C08B5B265B}.Debug|x64.Build.0 = Debug|x64
		{BF820B4A-E516-4D8A-A422-27C08B5B265B}.Debug|x86.ActiveCfg = Debug|Win32
		{BF820B4A-E516-4D8A-A422-27C08B5B265B}.Debug|x86.Build.0 = Debug|Win32
		{BF820B4A-E516-4D8A-A422-27C08B5B265B}.Release|x64.ActiveCfg = Release|x64
		{BF820B4A-E516-4D8A-A422-27C08B5B265B}.Release|x64.Build.0 = Release|x64
		{BF820B4A-E516-4D8A-A422-27C08B5B265B}.Release|x86.ActiveCfg = Release|Win32
		{BF820B4A-E516-4D8A-A422-27C08B5B265B}.Release|x86.Build.0 = Release|Win32
	EndGlobalSection
	GlobalSection(SolutionProperties) = preSolution
		HideSolutionNode = FALSE
	EndGlobalSection
	GlobalSection(ExtensibilityGlobals) = postSolution
		SolutionGuid = {494801D8-1AEB-4AE8-A84C-89840BF6098F}
	EndGlobalSection
EndGlobal
