// !$*UTF8*$!
{
	archiveVersion = 1;
	classes = {
	};
	objectVersion = 50;
	objects = {

/* Begin PBXBuildFile section */
		8512491F23FC138700332BB6 /* main.c in Sources */ = {isa = PBXBuildFile; fileRef = 8512491E23FC138700332BB6 /* main.c */; };
		853827D723FE507A00D6A9A4 /* author.c in Sources */ = {isa = PBXBuildFile; fileRef = 853827D623FE507A00D6A9A4 /* author.c */; };
		853827D923FE510D00D6A9A4 /* input.c in Sources */ = {isa = PBXBuildFile; fileRef = 853827D823FE510D00D6A9A4 /* input.c */; };
		853827DB23FE516D00D6A9A4 /* output.c in Sources */ = {isa = PBXBuildFile; fileRef = 853827DA23FE516D00D6A9A4 /* output.c */; };
		853827DD23FE51A800D6A9A4 /* add.c in Sources */ = {isa = PBXBuildFile; fileRef = 853827DC23FE51A800D6A9A4 /* add.c */; };
		853827DF23FE51DC00D6A9A4 /* subtract.c in Sources */ = {isa = PBXBuildFile; fileRef = 853827DE23FE51DC00D6A9A4 /* subtract.c */; };
		853827E223FE537C00D6A9A4 /* multiplicate.c in Sources */ = {isa = PBXBuildFile; fileRef = 853827E123FE537C00D6A9A4 /* multiplicate.c */; };
		853827E423FE53C900D6A9A4 /* divide.c in Sources */ = {isa = PBXBuildFile; fileRef = 853827E323FE53C900D6A9A4 /* divide.c */; };
/* End PBXBuildFile section */

/* Begin PBXCopyFilesBuildPhase section */
		8512491923FC138700332BB6 /* CopyFiles */ = {
			isa = PBXCopyFilesBuildPhase;
			buildActionMask = 2147483647;
			dstPath = /usr/share/man/man1/;
			dstSubfolderSpec = 0;
			files = (
			);
			runOnlyForDeploymentPostprocessing = 1;
		};
/* End PBXCopyFilesBuildPhase section */

/* Begin PBXFileReference section */
		8512491B23FC138700332BB6 /* Лабораторная 2 */ = {isa = PBXFileReference; explicitFileType = "compiled.mach-o.executable"; includeInIndex = 0; path = "Лабораторная 2"; sourceTree = BUILT_PRODUCTS_DIR; };
		8512491E23FC138700332BB6 /* main.c */ = {isa = PBXFileReference; lastKnownFileType = sourcecode.c.c; path = main.c; sourceTree = "<group>"; };
		853827D623FE507A00D6A9A4 /* author.c */ = {isa = PBXFileReference; lastKnownFileType = sourcecode.c.c; path = author.c; sourceTree = "<group>"; };
		853827D823FE510D00D6A9A4 /* input.c */ = {isa = PBXFileReference; lastKnownFileType = sourcecode.c.c; path = input.c; sourceTree = "<group>"; };
		853827DA23FE516D00D6A9A4 /* output.c */ = {isa = PBXFileReference; lastKnownFileType = sourcecode.c.c; path = output.c; sourceTree = "<group>"; };
		853827DC23FE51A800D6A9A4 /* add.c */ = {isa = PBXFileReference; lastKnownFileType = sourcecode.c.c; path = add.c; sourceTree = "<group>"; };
		853827DE23FE51DC00D6A9A4 /* subtract.c */ = {isa = PBXFileReference; lastKnownFileType = sourcecode.c.c; path = subtract.c; sourceTree = "<group>"; };
		853827E123FE537C00D6A9A4 /* multiplicate.c */ = {isa = PBXFileReference; lastKnownFileType = sourcecode.c.c; path = multiplicate.c; sourceTree = "<group>"; };
		853827E323FE53C900D6A9A4 /* divide.c */ = {isa = PBXFileReference; lastKnownFileType = sourcecode.c.c; path = divide.c; sourceTree = "<group>"; };
		853827E523FE544B00D6A9A4 /* functions.h */ = {isa = PBXFileReference; lastKnownFileType = sourcecode.c.h; path = functions.h; sourceTree = "<group>"; };
/* End PBXFileReference section */

/* Begin PBXFrameworksBuildPhase section */
		8512491823FC138700332BB6 /* Frameworks */ = {
			isa = PBXFrameworksBuildPhase;
			buildActionMask = 2147483647;
			files = (
			);
			runOnlyForDeploymentPostprocessing = 0;
		};
/* End PBXFrameworksBuildPhase section */

/* Begin PBXGroup section */
		8512491223FC138700332BB6 = {
			isa = PBXGroup;
			children = (
				8512491D23FC138700332BB6 /* 2.1 */,
				8512491C23FC138700332BB6 /* Products */,
			);
			sourceTree = "<group>";
		};
		8512491C23FC138700332BB6 /* Products */ = {
			isa = PBXGroup;
			children = (
				8512491B23FC138700332BB6 /* Лабораторная 2 */,
			);
			name = Products;
			sourceTree = "<group>";
		};
		8512491D23FC138700332BB6 /* 2.1 */ = {
			isa = PBXGroup;
			children = (
				8512491E23FC138700332BB6 /* main.c */,
				853827E523FE544B00D6A9A4 /* functions.h */,
				853827D823FE510D00D6A9A4 /* input.c */,
				853827DA23FE516D00D6A9A4 /* output.c */,
				853827DC23FE51A800D6A9A4 /* add.c */,
				853827DE23FE51DC00D6A9A4 /* subtract.c */,
				853827E123FE537C00D6A9A4 /* multiplicate.c */,
				853827E323FE53C900D6A9A4 /* divide.c */,
				853827D623FE507A00D6A9A4 /* author.c */,
			);
			path = 2.1;
			sourceTree = "<group>";
		};
/* End PBXGroup section */

/* Begin PBXNativeTarget section */
		8512491A23FC138700332BB6 /* Лабораторная 2 */ = {
			isa = PBXNativeTarget;
			buildConfigurationList = 8512492223FC138700332BB6 /* Build configuration list for PBXNativeTarget "Лабораторная 2" */;
			buildPhases = (
				8512491723FC138700332BB6 /* Sources */,
				8512491823FC138700332BB6 /* Frameworks */,
				8512491923FC138700332BB6 /* CopyFiles */,
			);
			buildRules = (
			);
			dependencies = (
			);
			name = "Лабораторная 2";
			productName = "Лабораторная 2";
			productReference = 8512491B23FC138700332BB6 /* Лабораторная 2 */;
			productType = "com.apple.product-type.tool";
		};
/* End PBXNativeTarget section */

/* Begin PBXProject section */
		8512491323FC138700332BB6 /* Project object */ = {
			isa = PBXProject;
			attributes = {
				LastUpgradeCheck = 1130;
				ORGANIZATIONNAME = "Stanislav Korenevsky";
				TargetAttributes = {
					8512491A23FC138700332BB6 = {
						CreatedOnToolsVersion = 11.3.1;
					};
				};
			};
			buildConfigurationList = 8512491623FC138700332BB6 /* Build configuration list for PBXProject "2.1" */;
			compatibilityVersion = "Xcode 9.3";
			developmentRegion = en;
			hasScannedForEncodings = 0;
			knownRegions = (
				en,
				Base,
			);
			mainGroup = 8512491223FC138700332BB6;
			productRefGroup = 8512491C23FC138700332BB6 /* Products */;
			projectDirPath = "";
			projectRoot = "";
			targets = (
				8512491A23FC138700332BB6 /* Лабораторная 2 */,
			);
		};
/* End PBXProject section */

/* Begin PBXSourcesBuildPhase section */
		8512491723FC138700332BB6 /* Sources */ = {
			isa = PBXSourcesBuildPhase;
			buildActionMask = 2147483647;
			files = (
				853827D923FE510D00D6A9A4 /* input.c in Sources */,
				853827D723FE507A00D6A9A4 /* author.c in Sources */,
				853827DB23FE516D00D6A9A4 /* output.c in Sources */,
				8512491F23FC138700332BB6 /* main.c in Sources */,
				853827DD23FE51A800D6A9A4 /* add.c in Sources */,
				853827DF23FE51DC00D6A9A4 /* subtract.c in Sources */,
				853827E423FE53C900D6A9A4 /* divide.c in Sources */,
				853827E223FE537C00D6A9A4 /* multiplicate.c in Sources */,
			);
			runOnlyForDeploymentPostprocessing = 0;
		};
/* End PBXSourcesBuildPhase section */

/* Begin XCBuildConfiguration section */
		8512492023FC138700332BB6 /* Debug */ = {
			isa = XCBuildConfiguration;
			buildSettings = {
				ALWAYS_SEARCH_USER_PATHS = NO;
				CLANG_ANALYZER_NONNULL = YES;
				CLANG_ANALYZER_NUMBER_OBJECT_CONVERSION = YES_AGGRESSIVE;
				CLANG_CXX_LANGUAGE_STANDARD = "gnu++14";
				CLANG_CXX_LIBRARY = "libc++";
				CLANG_ENABLE_MODULES = YES;
				CLANG_ENABLE_OBJC_ARC = YES;
				CLANG_ENABLE_OBJC_WEAK = YES;
				CLANG_WARN_BLOCK_CAPTURE_AUTORELEASING = YES;
				CLANG_WARN_BOOL_CONVERSION = YES;
				CLANG_WARN_COMMA = YES;
				CLANG_WARN_CONSTANT_CONVERSION = YES;
				CLANG_WARN_DEPRECATED_OBJC_IMPLEMENTATIONS = YES;
				CLANG_WARN_DIRECT_OBJC_ISA_USAGE = YES_ERROR;
				CLANG_WARN_DOCUMENTATION_COMMENTS = YES;
				CLANG_WARN_EMPTY_BODY = YES;
				CLANG_WARN_ENUM_CONVERSION = YES;
				CLANG_WARN_INFINITE_RECURSION = YES;
				CLANG_WARN_INT_CONVERSION = YES;
				CLANG_WARN_NON_LITERAL_NULL_CONVERSION = YES;
				CLANG_WARN_OBJC_IMPLICIT_RETAIN_SELF = YES;
				CLANG_WARN_OBJC_LITERAL_CONVERSION = YES;
				CLANG_WARN_OBJC_ROOT_CLASS = YES_ERROR;
				CLANG_WARN_RANGE_LOOP_ANALYSIS = YES;
				CLANG_WARN_STRICT_PROTOTYPES = YES;
				CLANG_WARN_SUSPICIOUS_MOVE = YES;
				CLANG_WARN_UNGUARDED_AVAILABILITY = YES_AGGRESSIVE;
				CLANG_WARN_UNREACHABLE_CODE = YES;
				CLANG_WARN__DUPLICATE_METHOD_MATCH = YES;
				COPY_PHASE_STRIP = NO;
				DEBUG_INFORMATION_FORMAT = dwarf;
				ENABLE_STRICT_OBJC_MSGSEND = YES;
				ENABLE_TESTABILITY = YES;
				GCC_C_LANGUAGE_STANDARD = c89;
				GCC_DYNAMIC_NO_PIC = NO;
				GCC_NO_COMMON_BLOCKS = YES;
				GCC_OPTIMIZATION_LEVEL = 0;
				GCC_PREPROCESSOR_DEFINITIONS = (
					"DEBUG=1",
					"$(inherited)",
				);
				GCC_WARN_64_TO_32_BIT_CONVERSION = YES;
				GCC_WARN_ABOUT_RETURN_TYPE = YES_ERROR;
				GCC_WARN_UNDECLARED_SELECTOR = YES;
				GCC_WARN_UNINITIALIZED_AUTOS = YES_AGGRESSIVE;
				GCC_WARN_UNUSED_FUNCTION = YES;
				GCC_WARN_UNUSED_VARIABLE = YES;
				MACOSX_DEPLOYMENT_TARGET = 10.14;
				MTL_ENABLE_DEBUG_INFO = INCLUDE_SOURCE;
				MTL_FAST_MATH = YES;
				ONLY_ACTIVE_ARCH = YES;
				OTHER_CFLAGS = "-pedantic-errors";
				SDKROOT = macosx;
			};
			name = Debug;
		};
		8512492123FC138700332BB6 /* Release */ = {
			isa = XCBuildConfiguration;
			buildSettings = {
				ALWAYS_SEARCH_USER_PATHS = NO;
				CLANG_ANALYZER_NONNULL = YES;
				CLANG_ANALYZER_NUMBER_OBJECT_CONVERSION = YES_AGGRESSIVE;
				CLANG_CXX_LANGUAGE_STANDARD = "gnu++14";
				CLANG_CXX_LIBRARY = "libc++";
				CLANG_ENABLE_MODULES = YES;
				CLANG_ENABLE_OBJC_ARC = YES;
				CLANG_ENABLE_OBJC_WEAK = YES;
				CLANG_WARN_BLOCK_CAPTURE_AUTORELEASING = YES;
				CLANG_WARN_BOOL_CONVERSION = YES;
				CLANG_WARN_COMMA = YES;
				CLANG_WARN_CONSTANT_CONVERSION = YES;
				CLANG_WARN_DEPRECATED_OBJC_IMPLEMENTATIONS = YES;
				CLANG_WARN_DIRECT_OBJC_ISA_USAGE = YES_ERROR;
				CLANG_WARN_DOCUMENTATION_COMMENTS = YES;
				CLANG_WARN_EMPTY_BODY = YES;
				CLANG_WARN_ENUM_CONVERSION = YES;
				CLANG_WARN_INFINITE_RECURSION = YES;
				CLANG_WARN_INT_CONVERSION = YES;
				CLANG_WARN_NON_LITERAL_NULL_CONVERSION = YES;
				CLANG_WARN_OBJC_IMPLICIT_RETAIN_SELF = YES;
				CLANG_WARN_OBJC_LITERAL_CONVERSION = YES;
				CLANG_WARN_OBJC_ROOT_CLASS = YES_ERROR;
				CLANG_WARN_RANGE_LOOP_ANALYSIS = YES;
				CLANG_WARN_STRICT_PROTOTYPES = YES;
				CLANG_WARN_SUSPICIOUS_MOVE = YES;
				CLANG_WARN_UNGUARDED_AVAILABILITY = YES_AGGRESSIVE;
				CLANG_WARN_UNREACHABLE_CODE = YES;
				CLANG_WARN__DUPLICATE_METHOD_MATCH = YES;
				COPY_PHASE_STRIP = NO;
				DEBUG_INFORMATION_FORMAT = "dwarf-with-dsym";
				ENABLE_NS_ASSERTIONS = NO;
				ENABLE_STRICT_OBJC_MSGSEND = YES;
				GCC_C_LANGUAGE_STANDARD = c89;
				GCC_NO_COMMON_BLOCKS = YES;
				GCC_WARN_64_TO_32_BIT_CONVERSION = YES;
				GCC_WARN_ABOUT_RETURN_TYPE = YES_ERROR;
				GCC_WARN_UNDECLARED_SELECTOR = YES;
				GCC_WARN_UNINITIALIZED_AUTOS = YES_AGGRESSIVE;
				GCC_WARN_UNUSED_FUNCTION = YES;
				GCC_WARN_UNUSED_VARIABLE = YES;
				MACOSX_DEPLOYMENT_TARGET = 10.14;
				MTL_ENABLE_DEBUG_INFO = NO;
				MTL_FAST_MATH = YES;
				OTHER_CFLAGS = "-pedantic-errors";
				SDKROOT = macosx;
			};
			name = Release;
		};
		8512492323FC138700332BB6 /* Debug */ = {
			isa = XCBuildConfiguration;
			buildSettings = {
				CODE_SIGN_STYLE = Automatic;
				PRODUCT_NAME = "$(TARGET_NAME)";
			};
			name = Debug;
		};
		8512492423FC138700332BB6 /* Release */ = {
			isa = XCBuildConfiguration;
			buildSettings = {
				CODE_SIGN_STYLE = Automatic;
				PRODUCT_NAME = "$(TARGET_NAME)";
			};
			name = Release;
		};
/* End XCBuildConfiguration section */

/* Begin XCConfigurationList section */
		8512491623FC138700332BB6 /* Build configuration list for PBXProject "2.1" */ = {
			isa = XCConfigurationList;
			buildConfigurations = (
				8512492023FC138700332BB6 /* Debug */,
				8512492123FC138700332BB6 /* Release */,
			);
			defaultConfigurationIsVisible = 0;
			defaultConfigurationName = Release;
		};
		8512492223FC138700332BB6 /* Build configuration list for PBXNativeTarget "Лабораторная 2" */ = {
			isa = XCConfigurationList;
			buildConfigurations = (
				8512492323FC138700332BB6 /* Debug */,
				8512492423FC138700332BB6 /* Release */,
			);
			defaultConfigurationIsVisible = 0;
			defaultConfigurationName = Release;
		};
/* End XCConfigurationList section */
	};
	rootObject = 8512491323FC138700332BB6 /* Project object */;
}
