// !$*UTF8*$!
{
	archiveVersion = 1;
	classes = {
	};
	objectVersion = 46;
	objects = {

/* Begin PBXAggregateTarget section */
		27FB839064E84408876C767C /* ALL_BUILD */ = {
			isa = PBXAggregateTarget;
			buildConfigurationList = 6ACE6DDD484B499BB401FE89 /* Build configuration list for PBXAggregateTarget "ALL_BUILD" */;
			buildPhases = (
				4B2065C2B411492293E07634 /* CMake Rules */,
			);
			dependencies = (
				9F2EDC22ABEB40579823BCC3 /* PBXTargetDependency */,
				10F8817D6A844863B189520D /* PBXTargetDependency */,
			);
			name = ALL_BUILD;
			productName = ALL_BUILD;
		};
		9DB0B4ABD47D4C879A96FF31 /* ZERO_CHECK */ = {
			isa = PBXAggregateTarget;
			buildConfigurationList = 98CAD2B3B9474CCBA4A3C46D /* Build configuration list for PBXAggregateTarget "ZERO_CHECK" */;
			buildPhases = (
				A42EEC15762248489A82DD9B /* CMake Rules */,
			);
			dependencies = (
			);
			name = ZERO_CHECK;
			productName = ZERO_CHECK;
		};
/* End PBXAggregateTarget section */

/* Begin PBXBuildFile section */
		71FBD257A6B7487DA9057608 /* /Users/stanislav/Desktop/c/Лабораторная 3/1/main.c */ = {isa = PBXBuildFile; fileRef = 793D8771E2F64B218C9A5BA2 /* /Users/stanislav/Desktop/c/Лабораторная 3/1/main.c */; };
		D7D5B21E1C274AE6B65EEB57 /* /Users/stanislav/Desktop/c/Лабораторная 3/1/CMakeLists.txt */ = {isa = PBXBuildFile; fileRef = AACEC89038534017A3DAAED9 /* /Users/stanislav/Desktop/c/Лабораторная 3/1/CMakeLists.txt */; };
/* End PBXBuildFile section */

/* Begin PBXBuildStyle section */
		27EAAF278E96406D97DBE783 /* Debug */ = {
			isa = PBXBuildStyle;
			buildSettings = {
				COPY_PHASE_STRIP = NO;
			};
			name = Debug;
		};
		5065EF201D9640E9A138912B /* Release */ = {
			isa = PBXBuildStyle;
			buildSettings = {
				COPY_PHASE_STRIP = NO;
			};
			name = Release;
		};
		5FC2E8F5FD774181963AD7F8 /* RelWithDebInfo */ = {
			isa = PBXBuildStyle;
			buildSettings = {
				COPY_PHASE_STRIP = NO;
			};
			name = RelWithDebInfo;
		};
		F38B3960C21C4F159D34D5B1 /* MinSizeRel */ = {
			isa = PBXBuildStyle;
			buildSettings = {
				COPY_PHASE_STRIP = NO;
			};
			name = MinSizeRel;
		};
/* End PBXBuildStyle section */

/* Begin PBXContainerItemProxy section */
		071CA0EAD47E4BBCA6DCA2FA /* PBXContainerItemProxy */ = {
			isa = PBXContainerItemProxy;
			containerPortal = E3FFABE413E54FA598A65170 /* Project object */;
			proxyType = 1;
			remoteGlobalIDString = 9DB0B4ABD47D4C879A96FF31;
			remoteInfo = ZERO_CHECK;
		};
		136161A40171465DA662EB94 /* PBXContainerItemProxy */ = {
			isa = PBXContainerItemProxy;
			containerPortal = E3FFABE413E54FA598A65170 /* Project object */;
			proxyType = 1;
			remoteGlobalIDString = 9DB0B4ABD47D4C879A96FF31;
			remoteInfo = ZERO_CHECK;
		};
		2C841884733B450DA3543AD0 /* PBXContainerItemProxy */ = {
			isa = PBXContainerItemProxy;
			containerPortal = E3FFABE413E54FA598A65170 /* Project object */;
			proxyType = 1;
			remoteGlobalIDString = 869CE18414904C51A3732E38;
			remoteInfo = c;
		};
/* End PBXContainerItemProxy section */

/* Begin PBXFileReference section */
		0C2041B46D9D43A4BACBD1A3 /* /Users/stanislav/Desktop/c/Лабораторная 3/CMakeLists.txt */ = {isa = PBXFileReference; explicitFileType = sourcecode.text; fileEncoding = 4; name = CMakeLists.txt; path = CMakeLists.txt; sourceTree = SOURCE_ROOT; };
		4D830536B4534119AE06DEB5 /* c */ = {isa = PBXFileReference; explicitFileType = "compiled.mach-o.executable"; path = c; sourceTree = BUILT_PRODUCTS_DIR; };
		793D8771E2F64B218C9A5BA2 /* /Users/stanislav/Desktop/c/Лабораторная 3/1/main.c */ = {isa = PBXFileReference; explicitFileType = sourcecode.c.c; fileEncoding = 4; name = main.c; path = 1/main.c; sourceTree = SOURCE_ROOT; };
		AACEC89038534017A3DAAED9 /* /Users/stanislav/Desktop/c/Лабораторная 3/1/CMakeLists.txt */ = {isa = PBXFileReference; explicitFileType = sourcecode.text; fileEncoding = 4; name = CMakeLists.txt; path = 1/CMakeLists.txt; sourceTree = SOURCE_ROOT; };
/* End PBXFileReference section */

/* Begin PBXGroup section */
		414E0C445E56479994330D81 /* c */ = {
			isa = PBXGroup;
			children = (
				810E9A462B894FD79E6C3EE1 /* Source Files */,
				AACEC89038534017A3DAAED9 /* /Users/stanislav/Desktop/c/Лабораторная 3/1/CMakeLists.txt */,
			);
			name = c;
			sourceTree = "<group>";
		};
		51EE8163949B40599E0F17A7 /* ALL_BUILD */ = {
			isa = PBXGroup;
			children = (
				995C948B09A34045BA9B8A67 /* CMake Rules */,
				0C2041B46D9D43A4BACBD1A3 /* /Users/stanislav/Desktop/c/Лабораторная 3/CMakeLists.txt */,
			);
			name = ALL_BUILD;
			sourceTree = "<group>";
		};
		65A8E23A6B5E40B5A37B53AD = {
			isa = PBXGroup;
			children = (
				51EE8163949B40599E0F17A7 /* ALL_BUILD */,
				414E0C445E56479994330D81 /* c */,
				DB9BB4EF7C9C4B99BDDE8D31 /* Products */,
			);
			sourceTree = "<group>";
		};
		810E9A462B894FD79E6C3EE1 /* Source Files */ = {
			isa = PBXGroup;
			children = (
				793D8771E2F64B218C9A5BA2 /* /Users/stanislav/Desktop/c/Лабораторная 3/1/main.c */,
			);
			name = "Source Files";
			sourceTree = "<group>";
		};
		995C948B09A34045BA9B8A67 /* CMake Rules */ = {
			isa = PBXGroup;
			children = (
			);
			name = "CMake Rules";
			sourceTree = "<group>";
		};
		DB9BB4EF7C9C4B99BDDE8D31 /* Products */ = {
			isa = PBXGroup;
			children = (
				4D830536B4534119AE06DEB5 /* c */,
			);
			name = Products;
			sourceTree = "<group>";
		};
/* End PBXGroup section */

/* Begin PBXNativeTarget section */
		869CE18414904C51A3732E38 /* c */ = {
			isa = PBXNativeTarget;
			buildConfigurationList = FC64E2DA63654481AB6DF3AA /* Build configuration list for PBXNativeTarget "c" */;
			buildPhases = (
				5276FFD1099D45349E09DA90 /* Sources */,
			);
			buildRules = (
			);
			dependencies = (
				B39A4ADF365A471DAE9AF015 /* PBXTargetDependency */,
			);
			name = c;
			productName = c;
			productReference = 4D830536B4534119AE06DEB5 /* c */;
			productType = "com.apple.product-type.tool";
		};
/* End PBXNativeTarget section */

/* Begin PBXProject section */
		E3FFABE413E54FA598A65170 /* Project object */ = {
			isa = PBXProject;
			attributes = {
				BuildIndependentTargetsInParallel = YES;
				LastUpgradeCheck = 1130;
			};
			buildConfigurationList = 6BE5728CA63449B3867A5865 /* Build configuration list for PBXProject "c_progect" */;
			buildSettings = {
			};
			buildStyles = (
				27EAAF278E96406D97DBE783 /* Debug */,
				5065EF201D9640E9A138912B /* Release */,
				F38B3960C21C4F159D34D5B1 /* MinSizeRel */,
				5FC2E8F5FD774181963AD7F8 /* RelWithDebInfo */,
			);
			compatibilityVersion = "Xcode 3.2";
			hasScannedForEncodings = 0;
			mainGroup = 65A8E23A6B5E40B5A37B53AD;
			projectDirPath = ../;
			projectRoot = "";
			targets = (
				27FB839064E84408876C767C /* ALL_BUILD */,
				9DB0B4ABD47D4C879A96FF31 /* ZERO_CHECK */,
				869CE18414904C51A3732E38 /* c */,
			);
		};
/* End PBXProject section */

/* Begin PBXShellScriptBuildPhase section */
		4B2065C2B411492293E07634 /* CMake Rules */ = {
			isa = PBXShellScriptBuildPhase;
			buildActionMask = 2147483647;
			files = (
			);
			name = "CMake Rules";
			runOnlyForDeploymentPostprocessing = 0;
			shellPath = /bin/sh;
			shellScript = "make -C /Users/stanislav/Desktop/c/Лабораторная\\ 3/1 -f /Users/stanislav/Desktop/c/Лабораторная\\ 3/1/CMakeScripts/ALL_BUILD_cmakeRulesBuildPhase.make$CONFIGURATION OBJDIR=$(basename \"$OBJECT_FILE_DIR_normal\") all";
			showEnvVarsInLog = 0;
		};
		A42EEC15762248489A82DD9B /* CMake Rules */ = {
			isa = PBXShellScriptBuildPhase;
			buildActionMask = 2147483647;
			files = (
			);
			name = "CMake Rules";
			runOnlyForDeploymentPostprocessing = 0;
			shellPath = /bin/sh;
			shellScript = "make -C /Users/stanislav/Desktop/c/Лабораторная\\ 3/1 -f /Users/stanislav/Desktop/c/Лабораторная\\ 3/1/CMakeScripts/ZERO_CHECK_cmakeRulesBuildPhase.make$CONFIGURATION OBJDIR=$(basename \"$OBJECT_FILE_DIR_normal\") all";
			showEnvVarsInLog = 0;
		};
		CF2006F70E004ADD9E477D65 = {
			isa = PBXShellScriptBuildPhase;
			buildActionMask = 2147483647;
			files = (
			);
			inputPaths = (
			);
			outputPaths = (
			);
			runOnlyForDeploymentPostprocessing = 0;
			shellPath = /bin/sh;
			shellScript = "# shell script goes here
exit 0";
			showEnvVarsInLog = 0;
		};
		F093C482F5A24ABCA026A762 = {
			isa = PBXShellScriptBuildPhase;
			buildActionMask = 2147483647;
			files = (
			);
			inputPaths = (
			);
			outputPaths = (
			);
			runOnlyForDeploymentPostprocessing = 0;
			shellPath = /bin/sh;
			shellScript = "# shell script goes here
exit 0";
			showEnvVarsInLog = 0;
		};
/* End PBXShellScriptBuildPhase section */

/* Begin PBXSourcesBuildPhase section */
		5276FFD1099D45349E09DA90 /* Sources */ = {
			isa = PBXSourcesBuildPhase;
			buildActionMask = 2147483647;
			files = (
				71FBD257A6B7487DA9057608 /* /Users/stanislav/Desktop/c/Лабораторная 3/1/main.c */,
			);
			runOnlyForDeploymentPostprocessing = 0;
		};
/* End PBXSourcesBuildPhase section */

/* Begin PBXTargetDependency section */
		10F8817D6A844863B189520D /* PBXTargetDependency */ = {
			isa = PBXTargetDependency;
			target = 9DB0B4ABD47D4C879A96FF31 /* ZERO_CHECK */;
			targetProxy = 071CA0EAD47E4BBCA6DCA2FA /* PBXContainerItemProxy */;
		};
		9F2EDC22ABEB40579823BCC3 /* PBXTargetDependency */ = {
			isa = PBXTargetDependency;
			target = 869CE18414904C51A3732E38 /* c */;
			targetProxy = 2C841884733B450DA3543AD0 /* PBXContainerItemProxy */;
		};
		B39A4ADF365A471DAE9AF015 /* PBXTargetDependency */ = {
			isa = PBXTargetDependency;
			target = 9DB0B4ABD47D4C879A96FF31 /* ZERO_CHECK */;
			targetProxy = 136161A40171465DA662EB94 /* PBXContainerItemProxy */;
		};
/* End PBXTargetDependency section */

/* Begin XCBuildConfiguration section */
		13454751954E413FA92A9BCF /* Debug */ = {
			isa = XCBuildConfiguration;
			buildSettings = {
				COMBINE_HIDPI_IMAGES = YES;
				GCC_GENERATE_DEBUGGING_SYMBOLS = YES;
				GCC_INLINES_ARE_PRIVATE_EXTERN = NO;
				GCC_OPTIMIZATION_LEVEL = 0;
				GCC_PREPROCESSOR_DEFINITIONS = ("'CMAKE_INTDIR=\"$(CONFIGURATION)$(EFFECTIVE_PLATFORM_NAME)\"'");
				GCC_SYMBOLS_PRIVATE_EXTERN = NO;
				INSTALL_PATH = "";
				OTHER_LDFLAGS = " ";
				OTHER_REZFLAGS = "";
				PRODUCT_NAME = ZERO_CHECK;
				SECTORDER_FLAGS = "";
				SYMROOT = "/Users/stanislav/Desktop/c/Лабораторная 3/1";
				USE_HEADERMAP = NO;
				WARNING_CFLAGS = ("$(inherited)");
			};
			name = Debug;
		};
		1562DACAC16444D28457334F /* Release */ = {
			isa = XCBuildConfiguration;
			buildSettings = {
				COMBINE_HIDPI_IMAGES = YES;
				GCC_GENERATE_DEBUGGING_SYMBOLS = YES;
				GCC_INLINES_ARE_PRIVATE_EXTERN = NO;
				GCC_OPTIMIZATION_LEVEL = 0;
				GCC_PREPROCESSOR_DEFINITIONS = ("'CMAKE_INTDIR=\"$(CONFIGURATION)$(EFFECTIVE_PLATFORM_NAME)\"'");
				GCC_SYMBOLS_PRIVATE_EXTERN = NO;
				INSTALL_PATH = "";
				OTHER_LDFLAGS = " ";
				OTHER_REZFLAGS = "";
				PRODUCT_NAME = ALL_BUILD;
				SECTORDER_FLAGS = "";
				SYMROOT = "/Users/stanislav/Desktop/c/Лабораторная 3/1";
				USE_HEADERMAP = NO;
				WARNING_CFLAGS = ("$(inherited)");
			};
			name = Release;
		};
		2C4B1120EF914E99B4B4CF32 /* Release */ = {
			isa = XCBuildConfiguration;
			buildSettings = {
				MACOSX_DEPLOYMENT_TARGET = 10.14;
				ONLY_ACTIVE_ARCH = YES;
				SDKROOT = /Applications/Xcode.app/Contents/Developer/Platforms/MacOSX.platform/Developer/SDKs/MacOSX10.15.sdk;
				SYMROOT = "/Users/stanislav/Desktop/c/Лабораторная 3/1/build";
			};
			name = Release;
		};
		3EF71FBBA876408C8D20149C /* RelWithDebInfo */ = {
			isa = XCBuildConfiguration;
			buildSettings = {
				COMBINE_HIDPI_IMAGES = YES;
				GCC_GENERATE_DEBUGGING_SYMBOLS = YES;
				GCC_INLINES_ARE_PRIVATE_EXTERN = NO;
				GCC_OPTIMIZATION_LEVEL = 0;
				GCC_PREPROCESSOR_DEFINITIONS = ("'CMAKE_INTDIR=\"$(CONFIGURATION)$(EFFECTIVE_PLATFORM_NAME)\"'");
				GCC_SYMBOLS_PRIVATE_EXTERN = NO;
				INSTALL_PATH = "";
				OTHER_LDFLAGS = " ";
				OTHER_REZFLAGS = "";
				PRODUCT_NAME = ALL_BUILD;
				SECTORDER_FLAGS = "";
				SYMROOT = "/Users/stanislav/Desktop/c/Лабораторная 3/1";
				USE_HEADERMAP = NO;
				WARNING_CFLAGS = ("$(inherited)");
			};
			name = RelWithDebInfo;
		};
		4A017BC585A64368B7F4AE64 /* MinSizeRel */ = {
			isa = XCBuildConfiguration;
			buildSettings = {
				COMBINE_HIDPI_IMAGES = YES;
				GCC_GENERATE_DEBUGGING_SYMBOLS = YES;
				GCC_INLINES_ARE_PRIVATE_EXTERN = NO;
				GCC_OPTIMIZATION_LEVEL = 0;
				GCC_PREPROCESSOR_DEFINITIONS = ("'CMAKE_INTDIR=\"$(CONFIGURATION)$(EFFECTIVE_PLATFORM_NAME)\"'");
				GCC_SYMBOLS_PRIVATE_EXTERN = NO;
				INSTALL_PATH = "";
				OTHER_LDFLAGS = " ";
				OTHER_REZFLAGS = "";
				PRODUCT_NAME = ZERO_CHECK;
				SECTORDER_FLAGS = "";
				SYMROOT = "/Users/stanislav/Desktop/c/Лабораторная 3/1";
				USE_HEADERMAP = NO;
				WARNING_CFLAGS = ("$(inherited)");
			};
			name = MinSizeRel;
		};
		558F3189AA4D497189518FA1 /* RelWithDebInfo */ = {
			isa = XCBuildConfiguration;
			buildSettings = {
				MACOSX_DEPLOYMENT_TARGET = 10.14;
				ONLY_ACTIVE_ARCH = YES;
				SDKROOT = /Applications/Xcode.app/Contents/Developer/Platforms/MacOSX.platform/Developer/SDKs/MacOSX10.15.sdk;
				SYMROOT = "/Users/stanislav/Desktop/c/Лабораторная 3/1/build";
			};
			name = RelWithDebInfo;
		};
		891A797FD1B04322BE30AB38 /* RelWithDebInfo */ = {
			isa = XCBuildConfiguration;
			buildSettings = {
				COMBINE_HIDPI_IMAGES = YES;
				GCC_GENERATE_DEBUGGING_SYMBOLS = YES;
				GCC_INLINES_ARE_PRIVATE_EXTERN = NO;
				GCC_OPTIMIZATION_LEVEL = 0;
				GCC_PREPROCESSOR_DEFINITIONS = ("'CMAKE_INTDIR=\"$(CONFIGURATION)$(EFFECTIVE_PLATFORM_NAME)\"'");
				GCC_SYMBOLS_PRIVATE_EXTERN = NO;
				INSTALL_PATH = "";
				OTHER_LDFLAGS = " ";
				OTHER_REZFLAGS = "";
				PRODUCT_NAME = ZERO_CHECK;
				SECTORDER_FLAGS = "";
				SYMROOT = "/Users/stanislav/Desktop/c/Лабораторная 3/1";
				USE_HEADERMAP = NO;
				WARNING_CFLAGS = ("$(inherited)");
			};
			name = RelWithDebInfo;
		};
		CBC39CCDCA154C5DBCC477F0 /* Debug */ = {
			isa = XCBuildConfiguration;
			buildSettings = {
				COMBINE_HIDPI_IMAGES = YES;
				EXECUTABLE_PREFIX = "";
				EXECUTABLE_SUFFIX = "";
				GCC_GENERATE_DEBUGGING_SYMBOLS = YES;
				GCC_INLINES_ARE_PRIVATE_EXTERN = NO;
				GCC_OPTIMIZATION_LEVEL = 0;
				GCC_PREPROCESSOR_DEFINITIONS = ("'CMAKE_INTDIR=\"$(CONFIGURATION)$(EFFECTIVE_PLATFORM_NAME)\"'");
				GCC_SYMBOLS_PRIVATE_EXTERN = NO;
				INSTALL_PATH = "";
				LIBRARY_SEARCH_PATHS = "";
				OTHER_CFLAGS = "    ";
				OTHER_LDFLAGS = " -Wl,-search_paths_first -Wl,-headerpad_max_install_names  ";
				OTHER_REZFLAGS = "";
				PRODUCT_NAME = c;
				SECTORDER_FLAGS = "";
				SYMROOT = "/Users/stanislav/Desktop/c/Лабораторная 3/1/1";
				USE_HEADERMAP = NO;
				WARNING_CFLAGS = ("$(inherited)");
			};
			name = Debug;
		};
		CBE0C60B5E3B4D328296A4B0 /* MinSizeRel */ = {
			isa = XCBuildConfiguration;
			buildSettings = {
				MACOSX_DEPLOYMENT_TARGET = 10.14;
				ONLY_ACTIVE_ARCH = YES;
				SDKROOT = /Applications/Xcode.app/Contents/Developer/Platforms/MacOSX.platform/Developer/SDKs/MacOSX10.15.sdk;
				SYMROOT = "/Users/stanislav/Desktop/c/Лабораторная 3/1/build";
			};
			name = MinSizeRel;
		};
		D119725F7D1C462897FA502F /* Debug */ = {
			isa = XCBuildConfiguration;
			buildSettings = {
				MACOSX_DEPLOYMENT_TARGET = 10.14;
				ONLY_ACTIVE_ARCH = YES;
				SDKROOT = /Applications/Xcode.app/Contents/Developer/Platforms/MacOSX.platform/Developer/SDKs/MacOSX10.15.sdk;
				SYMROOT = "/Users/stanislav/Desktop/c/Лабораторная 3/1/build";
			};
			name = Debug;
		};
		D40A02E99998454BB9AC2D44 /* Release */ = {
			isa = XCBuildConfiguration;
			buildSettings = {
				COMBINE_HIDPI_IMAGES = YES;
				EXECUTABLE_PREFIX = "";
				EXECUTABLE_SUFFIX = "";
				GCC_GENERATE_DEBUGGING_SYMBOLS = NO;
				GCC_INLINES_ARE_PRIVATE_EXTERN = NO;
				GCC_OPTIMIZATION_LEVEL = 3;
				GCC_PREPROCESSOR_DEFINITIONS = ("'CMAKE_INTDIR=\"$(CONFIGURATION)$(EFFECTIVE_PLATFORM_NAME)\"'");
				GCC_SYMBOLS_PRIVATE_EXTERN = NO;
				INSTALL_PATH = "";
				LIBRARY_SEARCH_PATHS = "";
				OTHER_CFLAGS = "    -DNDEBUG  ";
				OTHER_LDFLAGS = " -Wl,-search_paths_first -Wl,-headerpad_max_install_names  ";
				OTHER_REZFLAGS = "";
				PRODUCT_NAME = c;
				SECTORDER_FLAGS = "";
				SYMROOT = "/Users/stanislav/Desktop/c/Лабораторная 3/1/1";
				USE_HEADERMAP = NO;
				WARNING_CFLAGS = ("$(inherited)");
			};
			name = Release;
		};
		D83B68175F4D4204B42DDEE7 /* MinSizeRel */ = {
			isa = XCBuildConfiguration;
			buildSettings = {
				COMBINE_HIDPI_IMAGES = YES;
				GCC_GENERATE_DEBUGGING_SYMBOLS = YES;
				GCC_INLINES_ARE_PRIVATE_EXTERN = NO;
				GCC_OPTIMIZATION_LEVEL = 0;
				GCC_PREPROCESSOR_DEFINITIONS = ("'CMAKE_INTDIR=\"$(CONFIGURATION)$(EFFECTIVE_PLATFORM_NAME)\"'");
				GCC_SYMBOLS_PRIVATE_EXTERN = NO;
				INSTALL_PATH = "";
				OTHER_LDFLAGS = " ";
				OTHER_REZFLAGS = "";
				PRODUCT_NAME = ALL_BUILD;
				SECTORDER_FLAGS = "";
				SYMROOT = "/Users/stanislav/Desktop/c/Лабораторная 3/1";
				USE_HEADERMAP = NO;
				WARNING_CFLAGS = ("$(inherited)");
			};
			name = MinSizeRel;
		};
		DB30455A814B46A0B463B2E4 /* RelWithDebInfo */ = {
			isa = XCBuildConfiguration;
			buildSettings = {
				COMBINE_HIDPI_IMAGES = YES;
				EXECUTABLE_PREFIX = "";
				EXECUTABLE_SUFFIX = "";
				GCC_GENERATE_DEBUGGING_SYMBOLS = YES;
				GCC_INLINES_ARE_PRIVATE_EXTERN = NO;
				GCC_OPTIMIZATION_LEVEL = 2;
				GCC_PREPROCESSOR_DEFINITIONS = ("'CMAKE_INTDIR=\"$(CONFIGURATION)$(EFFECTIVE_PLATFORM_NAME)\"'");
				GCC_SYMBOLS_PRIVATE_EXTERN = NO;
				INSTALL_PATH = "";
				LIBRARY_SEARCH_PATHS = "";
				OTHER_CFLAGS = "       -DNDEBUG  ";
				OTHER_LDFLAGS = " -Wl,-search_paths_first -Wl,-headerpad_max_install_names  ";
				OTHER_REZFLAGS = "";
				PRODUCT_NAME = c;
				SECTORDER_FLAGS = "";
				SYMROOT = "/Users/stanislav/Desktop/c/Лабораторная 3/1/1";
				USE_HEADERMAP = NO;
				WARNING_CFLAGS = ("$(inherited)");
			};
			name = RelWithDebInfo;
		};
		DBE87006CB4D4BC98526F4DF /* MinSizeRel */ = {
			isa = XCBuildConfiguration;
			buildSettings = {
				COMBINE_HIDPI_IMAGES = YES;
				EXECUTABLE_PREFIX = "";
				EXECUTABLE_SUFFIX = "";
				GCC_GENERATE_DEBUGGING_SYMBOLS = NO;
				GCC_INLINES_ARE_PRIVATE_EXTERN = NO;
				GCC_OPTIMIZATION_LEVEL = s;
				GCC_PREPROCESSOR_DEFINITIONS = ("'CMAKE_INTDIR=\"$(CONFIGURATION)$(EFFECTIVE_PLATFORM_NAME)\"'");
				GCC_SYMBOLS_PRIVATE_EXTERN = NO;
				INSTALL_PATH = "";
				LIBRARY_SEARCH_PATHS = "";
				OTHER_CFLAGS = "    -DNDEBUG  ";
				OTHER_LDFLAGS = " -Wl,-search_paths_first -Wl,-headerpad_max_install_names  ";
				OTHER_REZFLAGS = "";
				PRODUCT_NAME = c;
				SECTORDER_FLAGS = "";
				SYMROOT = "/Users/stanislav/Desktop/c/Лабораторная 3/1/1";
				USE_HEADERMAP = NO;
				WARNING_CFLAGS = ("$(inherited)");
			};
			name = MinSizeRel;
		};
		E383EB192929496EAF4FAC0B /* Release */ = {
			isa = XCBuildConfiguration;
			buildSettings = {
				COMBINE_HIDPI_IMAGES = YES;
				GCC_GENERATE_DEBUGGING_SYMBOLS = YES;
				GCC_INLINES_ARE_PRIVATE_EXTERN = NO;
				GCC_OPTIMIZATION_LEVEL = 0;
				GCC_PREPROCESSOR_DEFINITIONS = ("'CMAKE_INTDIR=\"$(CONFIGURATION)$(EFFECTIVE_PLATFORM_NAME)\"'");
				GCC_SYMBOLS_PRIVATE_EXTERN = NO;
				INSTALL_PATH = "";
				OTHER_LDFLAGS = " ";
				OTHER_REZFLAGS = "";
				PRODUCT_NAME = ZERO_CHECK;
				SECTORDER_FLAGS = "";
				SYMROOT = "/Users/stanislav/Desktop/c/Лабораторная 3/1";
				USE_HEADERMAP = NO;
				WARNING_CFLAGS = ("$(inherited)");
			};
			name = Release;
		};
		EE5547F586AA4588AA1E0E4F /* Debug */ = {
			isa = XCBuildConfiguration;
			buildSettings = {
				COMBINE_HIDPI_IMAGES = YES;
				GCC_GENERATE_DEBUGGING_SYMBOLS = YES;
				GCC_INLINES_ARE_PRIVATE_EXTERN = NO;
				GCC_OPTIMIZATION_LEVEL = 0;
				GCC_PREPROCESSOR_DEFINITIONS = ("'CMAKE_INTDIR=\"$(CONFIGURATION)$(EFFECTIVE_PLATFORM_NAME)\"'");
				GCC_SYMBOLS_PRIVATE_EXTERN = NO;
				INSTALL_PATH = "";
				OTHER_LDFLAGS = " ";
				OTHER_REZFLAGS = "";
				PRODUCT_NAME = ALL_BUILD;
				SECTORDER_FLAGS = "";
				SYMROOT = "/Users/stanislav/Desktop/c/Лабораторная 3/1";
				USE_HEADERMAP = NO;
				WARNING_CFLAGS = ("$(inherited)");
			};
			name = Debug;
		};
/* End XCBuildConfiguration section */

/* Begin XCConfigurationList section */
		6ACE6DDD484B499BB401FE89 /* Build configuration list for PBXAggregateTarget "ALL_BUILD" */ = {
			isa = XCConfigurationList;
			buildConfigurations = (
				EE5547F586AA4588AA1E0E4F /* Debug */,
				1562DACAC16444D28457334F /* Release */,
				D83B68175F4D4204B42DDEE7 /* MinSizeRel */,
				3EF71FBBA876408C8D20149C /* RelWithDebInfo */,
			);
			defaultConfigurationIsVisible = 0;
			defaultConfigurationName = Debug;
		};
		6BE5728CA63449B3867A5865 /* Build configuration list for PBXProject "c_progect" */ = {
			isa = XCConfigurationList;
			buildConfigurations = (
				D119725F7D1C462897FA502F /* Debug */,
				2C4B1120EF914E99B4B4CF32 /* Release */,
				CBE0C60B5E3B4D328296A4B0 /* MinSizeRel */,
				558F3189AA4D497189518FA1 /* RelWithDebInfo */,
			);
			defaultConfigurationIsVisible = 0;
			defaultConfigurationName = Debug;
		};
		98CAD2B3B9474CCBA4A3C46D /* Build configuration list for PBXAggregateTarget "ZERO_CHECK" */ = {
			isa = XCConfigurationList;
			buildConfigurations = (
				13454751954E413FA92A9BCF /* Debug */,
				E383EB192929496EAF4FAC0B /* Release */,
				4A017BC585A64368B7F4AE64 /* MinSizeRel */,
				891A797FD1B04322BE30AB38 /* RelWithDebInfo */,
			);
			defaultConfigurationIsVisible = 0;
			defaultConfigurationName = Debug;
		};
		FC64E2DA63654481AB6DF3AA /* Build configuration list for PBXNativeTarget "c" */ = {
			isa = XCConfigurationList;
			buildConfigurations = (
				CBC39CCDCA154C5DBCC477F0 /* Debug */,
				D40A02E99998454BB9AC2D44 /* Release */,
				DBE87006CB4D4BC98526F4DF /* MinSizeRel */,
				DB30455A814B46A0B463B2E4 /* RelWithDebInfo */,
			);
			defaultConfigurationIsVisible = 0;
			defaultConfigurationName = Debug;
		};
/* End XCConfigurationList section */
	};
	rootObject = E3FFABE413E54FA598A65170 /* Project object */;
}
